// !$*UTF8*$!
{
	archiveVersion = 1;
	classes = {
	};
	objectVersion = 46;
	objects = {

/* Begin PBXBuildFile section */
		2504163E1BCA1AE8001D7A32 /* PasscodeLockView.xib in Resources */ = {isa = PBXBuildFile; fileRef = 250416401BCA1AE8001D7A32 /* PasscodeLockView.xib */; };
		250416431BCA279E001D7A32 /* Launch Screen.storyboard in Resources */ = {isa = PBXBuildFile; fileRef = 250416451BCA279E001D7A32 /* Launch Screen.storyboard */; };
		25142A991991F36300CB4C93 /* AppDelegate.swift in Sources */ = {isa = PBXBuildFile; fileRef = 25142A981991F36300CB4C93 /* AppDelegate.swift */; };
		25142A9B1991F36300CB4C93 /* MasterViewController.swift in Sources */ = {isa = PBXBuildFile; fileRef = 25142A9A1991F36300CB4C93 /* MasterViewController.swift */; };
		25142AA01991F36300CB4C93 /* Main.storyboard in Resources */ = {isa = PBXBuildFile; fileRef = 25142A9E1991F36300CB4C93 /* Main.storyboard */; };
		25142AA21991F36300CB4C93 /* Images.xcassets in Resources */ = {isa = PBXBuildFile; fileRef = 25142AA11991F36300CB4C93 /* Images.xcassets */; };
		25142AB81991F4FD00CB4C93 /* Post.swift in Sources */ = {isa = PBXBuildFile; fileRef = 25142AB71991F4FD00CB4C93 /* Post.swift */; };
		25142ABC199203DC00CB4C93 /* Common.swift in Sources */ = {isa = PBXBuildFile; fileRef = 25142ABB199203DC00CB4C93 /* Common.swift */; };
		251B99E41999B13B00F8A67A /* InAppSettings.bundle in Resources */ = {isa = PBXBuildFile; fileRef = 251B99E31999B13B00F8A67A /* InAppSettings.bundle */; };
		2539A3A51AA1A514004A5619 /* CLLinksTableViewTableViewController.swift in Sources */ = {isa = PBXBuildFile; fileRef = 2539A3A41AA1A514004A5619 /* CLLinksTableViewTableViewController.swift */; };
		253BF0EB1994A232007B3702 /* Helpers.swift in Sources */ = {isa = PBXBuildFile; fileRef = 253BF0EA1994A232007B3702 /* Helpers.swift */; };
		254486BC1A40151E00F25634 /* SearchResultController.swift in Sources */ = {isa = PBXBuildFile; fileRef = 254486BB1A40151E00F25634 /* SearchResultController.swift */; };
		254742411BCDFBD2001A6E47 /* FlatColors.swift in Sources */ = {isa = PBXBuildFile; fileRef = 254742401BCDFBD2001A6E47 /* FlatColors.swift */; };
		254EE8CB1BC61854003427CC /* UserDefaultsPasscodeRepository.swift in Sources */ = {isa = PBXBuildFile; fileRef = 254EE8C91BC61854003427CC /* UserDefaultsPasscodeRepository.swift */; };
		254EE8CC1BC61854003427CC /* PasscodeLockConfiguration.swift in Sources */ = {isa = PBXBuildFile; fileRef = 254EE8CA1BC61854003427CC /* PasscodeLockConfiguration.swift */; };
		2552D23D1BF17E78008775D7 /* String+Sugar.swift in Sources */ = {isa = PBXBuildFile; fileRef = 2552D23C1BF17E78008775D7 /* String+Sugar.swift */; };
		256EC98F1B4558F100F20F63 /* ProgressTableViewCell.swift in Sources */ = {isa = PBXBuildFile; fileRef = 256EC98E1B4558F100F20F63 /* ProgressTableViewCell.swift */; };
		258A1F6D199270320080BB60 /* Localizable.strings in Resources */ = {isa = PBXBuildFile; fileRef = 258A1F6F199270320080BB60 /* Localizable.strings */; };
		258A1F72199270330080BB60 /* InfoPlist.strings in Resources */ = {isa = PBXBuildFile; fileRef = 258A1F74199270330080BB60 /* InfoPlist.strings */; };
		259F3A191BC7AD6D00A519CE /* PasscodeLock.strings in Resources */ = {isa = PBXBuildFile; fileRef = 259F3A1B1BC7AD6D00A519CE /* PasscodeLock.strings */; };
		E0B3FCC8139C5A3DA00F8866 /* Pods_Swift_Photos.framework in Frameworks */ = {isa = PBXBuildFile; fileRef = 202EB74A773D7ECE618A6E16 /* Pods_Swift_Photos.framework */; };
/* End PBXBuildFile section */

/* Begin PBXCopyFilesBuildPhase section */
		258FBD991AD6658000D10202 /* Embed Frameworks */ = {
			isa = PBXCopyFilesBuildPhase;
			buildActionMask = 2147483647;
			dstPath = "";
			dstSubfolderSpec = 10;
			files = (
			);
			name = "Embed Frameworks";
			runOnlyForDeploymentPostprocessing = 0;
		};
/* End PBXCopyFilesBuildPhase section */

/* Begin PBXFileReference section */
		007098882656A0BE650A503C /* Pods_Swift_PhotosTests.framework */ = {isa = PBXFileReference; explicitFileType = wrapper.framework; includeInIndex = 0; path = Pods_Swift_PhotosTests.framework; sourceTree = BUILT_PRODUCTS_DIR; };
		082DD67B1C8D5F2453E2D65C /* Pods-Swift Photos.release.xcconfig */ = {isa = PBXFileReference; includeInIndex = 1; lastKnownFileType = text.xcconfig; name = "Pods-Swift Photos.release.xcconfig"; path = "Pods/Target Support Files/Pods-Swift Photos/Pods-Swift Photos.release.xcconfig"; sourceTree = "<group>"; };
		0C81D95B416EE8969FD1E424 /* Pods-Swift Photos.debug.xcconfig */ = {isa = PBXFileReference; includeInIndex = 1; lastKnownFileType = text.xcconfig; name = "Pods-Swift Photos.debug.xcconfig"; path = "Pods/Target Support Files/Pods-Swift Photos/Pods-Swift Photos.debug.xcconfig"; sourceTree = "<group>"; };
		202EB74A773D7ECE618A6E16 /* Pods_Swift_Photos.framework */ = {isa = PBXFileReference; explicitFileType = wrapper.framework; includeInIndex = 0; path = Pods_Swift_Photos.framework; sourceTree = BUILT_PRODUCTS_DIR; };
		2504163F1BCA1AE8001D7A32 /* Base */ = {isa = PBXFileReference; lastKnownFileType = file.xib; name = Base; path = Base.lproj/PasscodeLockView.xib; sourceTree = "<group>"; };
		250416421BCA1AEB001D7A32 /* zh-Hans */ = {isa = PBXFileReference; lastKnownFileType = text.plist.strings; name = "zh-Hans"; path = "zh-Hans.lproj/PasscodeLockView.strings"; sourceTree = "<group>"; };
		250416441BCA279E001D7A32 /* Base */ = {isa = PBXFileReference; lastKnownFileType = file.storyboard; name = Base; path = "Base.lproj/Launch Screen.storyboard"; sourceTree = "<group>"; };
		25142A931991F36200CB4C93 /* Swift Photos.app */ = {isa = PBXFileReference; explicitFileType = wrapper.application; includeInIndex = 0; path = "Swift Photos.app"; sourceTree = BUILT_PRODUCTS_DIR; };
		25142A971991F36300CB4C93 /* Info.plist */ = {isa = PBXFileReference; lastKnownFileType = text.plist.xml; path = Info.plist; sourceTree = "<group>"; };
		25142A981991F36300CB4C93 /* AppDelegate.swift */ = {isa = PBXFileReference; lastKnownFileType = sourcecode.swift; path = AppDelegate.swift; sourceTree = "<group>"; };
		25142A9A1991F36300CB4C93 /* MasterViewController.swift */ = {isa = PBXFileReference; lastKnownFileType = sourcecode.swift; path = MasterViewController.swift; sourceTree = "<group>"; };
		25142A9F1991F36300CB4C93 /* Base */ = {isa = PBXFileReference; lastKnownFileType = file.storyboard; name = Base; path = Base.lproj/Main.storyboard; sourceTree = "<group>"; };
		25142AA11991F36300CB4C93 /* Images.xcassets */ = {isa = PBXFileReference; lastKnownFileType = folder.assetcatalog; path = Images.xcassets; sourceTree = "<group>"; };
		25142AAC1991F36300CB4C93 /* Info.plist */ = {isa = PBXFileReference; lastKnownFileType = text.plist.xml; path = Info.plist; sourceTree = "<group>"; };
		25142AAD1991F36300CB4C93 /* Swift_PhotosTests.swift */ = {isa = PBXFileReference; lastKnownFileType = sourcecode.swift; path = Swift_PhotosTests.swift; sourceTree = "<group>"; };
		25142AB71991F4FD00CB4C93 /* Post.swift */ = {isa = PBXFileReference; fileEncoding = 4; lastKnownFileType = sourcecode.swift; path = Post.swift; sourceTree = "<group>"; };
		25142ABB199203DC00CB4C93 /* Common.swift */ = {isa = PBXFileReference; fileEncoding = 4; lastKnownFileType = sourcecode.swift; path = Common.swift; sourceTree = "<group>"; };
		25142ABD199208F200CB4C93 /* Swift Photos-Bridging-Header.h */ = {isa = PBXFileReference; lastKnownFileType = sourcecode.c.h; path = "Swift Photos-Bridging-Header.h"; sourceTree = "<group>"; };
		251B99E31999B13B00F8A67A /* InAppSettings.bundle */ = {isa = PBXFileReference; lastKnownFileType = "wrapper.plug-in"; path = InAppSettings.bundle; sourceTree = "<group>"; };
		2539A3A41AA1A514004A5619 /* CLLinksTableViewTableViewController.swift */ = {isa = PBXFileReference; fileEncoding = 4; lastKnownFileType = sourcecode.swift; path = CLLinksTableViewTableViewController.swift; sourceTree = "<group>"; };
		253BF0EA1994A232007B3702 /* Helpers.swift */ = {isa = PBXFileReference; fileEncoding = 4; lastKnownFileType = sourcecode.swift; path = Helpers.swift; sourceTree = "<group>"; };
		254486BB1A40151E00F25634 /* SearchResultController.swift */ = {isa = PBXFileReference; fileEncoding = 4; lastKnownFileType = sourcecode.swift; path = SearchResultController.swift; sourceTree = "<group>"; };
		254742401BCDFBD2001A6E47 /* FlatColors.swift */ = {isa = PBXFileReference; fileEncoding = 4; lastKnownFileType = sourcecode.swift; path = FlatColors.swift; sourceTree = "<group>"; };
		254EE8C91BC61854003427CC /* UserDefaultsPasscodeRepository.swift */ = {isa = PBXFileReference; fileEncoding = 4; lastKnownFileType = sourcecode.swift; path = UserDefaultsPasscodeRepository.swift; sourceTree = "<group>"; };
		254EE8CA1BC61854003427CC /* PasscodeLockConfiguration.swift */ = {isa = PBXFileReference; fileEncoding = 4; lastKnownFileType = sourcecode.swift; path = PasscodeLockConfiguration.swift; sourceTree = "<group>"; };
		2552D23C1BF17E78008775D7 /* String+Sugar.swift */ = {isa = PBXFileReference; fileEncoding = 4; lastKnownFileType = sourcecode.swift; path = "String+Sugar.swift"; sourceTree = "<group>"; };
		256EC98E1B4558F100F20F63 /* ProgressTableViewCell.swift */ = {isa = PBXFileReference; fileEncoding = 4; lastKnownFileType = sourcecode.swift; path = ProgressTableViewCell.swift; sourceTree = "<group>"; };
		258A1F6E199270320080BB60 /* zh-Hans */ = {isa = PBXFileReference; lastKnownFileType = text.plist.strings; name = "zh-Hans"; path = "zh-Hans.lproj/Localizable.strings"; sourceTree = "<group>"; };
		258A1F73199270330080BB60 /* zh-Hans */ = {isa = PBXFileReference; lastKnownFileType = text.plist.strings; name = "zh-Hans"; path = "zh-Hans.lproj/InfoPlist.strings"; sourceTree = "<group>"; };
		258A1F7A199272A00080BB60 /* Base */ = {isa = PBXFileReference; lastKnownFileType = text.plist.strings; name = Base; path = Base.lproj/Localizable.strings; sourceTree = "<group>"; };
		258A1F7C199272D50080BB60 /* Base */ = {isa = PBXFileReference; lastKnownFileType = text.plist.strings; name = Base; path = Base.lproj/InfoPlist.strings; sourceTree = "<group>"; };
		259F3A1A1BC7AD6D00A519CE /* Base */ = {isa = PBXFileReference; lastKnownFileType = text.plist.strings; name = Base; path = Base.lproj/PasscodeLock.strings; sourceTree = "<group>"; };
		259F3A1D1BC7AD7300A519CE /* zh-Hans */ = {isa = PBXFileReference; lastKnownFileType = text.plist.strings; name = "zh-Hans"; path = "zh-Hans.lproj/PasscodeLock.strings"; sourceTree = "<group>"; };
		25A22615199CE458008ACB70 /* zh-Hans */ = {isa = PBXFileReference; lastKnownFileType = text.plist.strings; name = "zh-Hans"; path = "zh-Hans.lproj/Main.strings"; sourceTree = "<group>"; };
		B82E8A0FED933B82242DA727 /* Pods-Swift PhotosTests.release.xcconfig */ = {isa = PBXFileReference; includeInIndex = 1; lastKnownFileType = text.xcconfig; name = "Pods-Swift PhotosTests.release.xcconfig"; path = "Pods/Target Support Files/Pods-Swift PhotosTests/Pods-Swift PhotosTests.release.xcconfig"; sourceTree = "<group>"; };
		DA6E189838435ACE9E251DE8 /* Pods-Swift PhotosTests.debug.xcconfig */ = {isa = PBXFileReference; includeInIndex = 1; lastKnownFileType = text.xcconfig; name = "Pods-Swift PhotosTests.debug.xcconfig"; path = "Pods/Target Support Files/Pods-Swift PhotosTests/Pods-Swift PhotosTests.debug.xcconfig"; sourceTree = "<group>"; };
/* End PBXFileReference section */

/* Begin PBXFrameworksBuildPhase section */
		25142A901991F36200CB4C93 /* Frameworks */ = {
			isa = PBXFrameworksBuildPhase;
			buildActionMask = 2147483647;
			files = (
				E0B3FCC8139C5A3DA00F8866 /* Pods_Swift_Photos.framework in Frameworks */,
			);
			runOnlyForDeploymentPostprocessing = 0;
		};
/* End PBXFrameworksBuildPhase section */

/* Begin PBXGroup section */
		25142A8A1991F36200CB4C93 = {
			isa = PBXGroup;
			children = (
				25142A951991F36200CB4C93 /* Swift Photos */,
				25142AAA1991F36300CB4C93 /* Swift PhotosTests */,
				25142A941991F36200CB4C93 /* Products */,
				8D619BD664452629A512CF60 /* Pods */,
				6FA42E028BE289AA53F9B2E1 /* Frameworks */,
			);
			sourceTree = "<group>";
		};
		25142A941991F36200CB4C93 /* Products */ = {
			isa = PBXGroup;
			children = (
				25142A931991F36200CB4C93 /* Swift Photos.app */,
			);
			name = Products;
			sourceTree = "<group>";
		};
		25142A951991F36200CB4C93 /* Swift Photos */ = {
			isa = PBXGroup;
			children = (
				254EE8CD1BC61859003427CC /* PasscodeLock Helpers */,
				25142ABB199203DC00CB4C93 /* Common.swift */,
				2552D23C1BF17E78008775D7 /* String+Sugar.swift */,
				253BF0EA1994A232007B3702 /* Helpers.swift */,
				25142A981991F36300CB4C93 /* AppDelegate.swift */,
				25142AB71991F4FD00CB4C93 /* Post.swift */,
				254742401BCDFBD2001A6E47 /* FlatColors.swift */,
				25142A9A1991F36300CB4C93 /* MasterViewController.swift */,
				256EC98E1B4558F100F20F63 /* ProgressTableViewCell.swift */,
				2539A3A41AA1A514004A5619 /* CLLinksTableViewTableViewController.swift */,
				254486BB1A40151E00F25634 /* SearchResultController.swift */,
				250416401BCA1AE8001D7A32 /* PasscodeLockView.xib */,
				250416451BCA279E001D7A32 /* Launch Screen.storyboard */,
				25142A9E1991F36300CB4C93 /* Main.storyboard */,
				25142AA11991F36300CB4C93 /* Images.xcassets */,
				25142A961991F36300CB4C93 /* Supporting Files */,
			);
			path = "Swift Photos";
			sourceTree = "<group>";
		};
		25142A961991F36300CB4C93 /* Supporting Files */ = {
			isa = PBXGroup;
			children = (
				259F3A1B1BC7AD6D00A519CE /* PasscodeLock.strings */,
				251B99E31999B13B00F8A67A /* InAppSettings.bundle */,
				258A1F74199270330080BB60 /* InfoPlist.strings */,
				258A1F6F199270320080BB60 /* Localizable.strings */,
				25142ABD199208F200CB4C93 /* Swift Photos-Bridging-Header.h */,
				25142A971991F36300CB4C93 /* Info.plist */,
			);
			name = "Supporting Files";
			sourceTree = "<group>";
		};
		25142AAA1991F36300CB4C93 /* Swift PhotosTests */ = {
			isa = PBXGroup;
			children = (
				25142AAD1991F36300CB4C93 /* Swift_PhotosTests.swift */,
				25142AAB1991F36300CB4C93 /* Supporting Files */,
			);
			path = "Swift PhotosTests";
			sourceTree = "<group>";
		};
		25142AAB1991F36300CB4C93 /* Supporting Files */ = {
			isa = PBXGroup;
			children = (
				25142AAC1991F36300CB4C93 /* Info.plist */,
			);
			name = "Supporting Files";
			sourceTree = "<group>";
		};
		254EE8CD1BC61859003427CC /* PasscodeLock Helpers */ = {
			isa = PBXGroup;
			children = (
				254EE8C91BC61854003427CC /* UserDefaultsPasscodeRepository.swift */,
				254EE8CA1BC61854003427CC /* PasscodeLockConfiguration.swift */,
			);
			name = "PasscodeLock Helpers";
			sourceTree = "<group>";
		};
		6FA42E028BE289AA53F9B2E1 /* Frameworks */ = {
			isa = PBXGroup;
			children = (
				202EB74A773D7ECE618A6E16 /* Pods_Swift_Photos.framework */,
				007098882656A0BE650A503C /* Pods_Swift_PhotosTests.framework */,
			);
			name = Frameworks;
			sourceTree = "<group>";
		};
		8D619BD664452629A512CF60 /* Pods */ = {
			isa = PBXGroup;
			children = (
				0C81D95B416EE8969FD1E424 /* Pods-Swift Photos.debug.xcconfig */,
				082DD67B1C8D5F2453E2D65C /* Pods-Swift Photos.release.xcconfig */,
				DA6E189838435ACE9E251DE8 /* Pods-Swift PhotosTests.debug.xcconfig */,
				B82E8A0FED933B82242DA727 /* Pods-Swift PhotosTests.release.xcconfig */,
			);
			name = Pods;
			sourceTree = "<group>";
		};
/* End PBXGroup section */

/* Begin PBXNativeTarget section */
		25142A921991F36200CB4C93 /* Swift Photos */ = {
			isa = PBXNativeTarget;
			buildConfigurationList = 25142AB11991F36300CB4C93 /* Build configuration list for PBXNativeTarget "Swift Photos" */;
			buildPhases = (
				BDE975CF64EFBE6C29F294B7 /* [CP] Check Pods Manifest.lock */,
				25142A8F1991F36200CB4C93 /* Sources */,
				25142A901991F36200CB4C93 /* Frameworks */,
				25142A911991F36200CB4C93 /* Resources */,
				258FBD991AD6658000D10202 /* Embed Frameworks */,
				F380CBED8E47AA7DC5ED301D /* [CP] Embed Pods Frameworks */,
				4F13964495666989BCEDC3C3 /* [CP] Copy Pods Resources */,
			);
			buildRules = (
			);
			dependencies = (
			);
			name = "Swift Photos";
			productName = "Swift Photos";
			productReference = 25142A931991F36200CB4C93 /* Swift Photos.app */;
			productType = "com.apple.product-type.application";
		};
/* End PBXNativeTarget section */

/* Begin PBXProject section */
		25142A8B1991F36200CB4C93 /* Project object */ = {
			isa = PBXProject;
			attributes = {
				LastSwiftMigration = 0700;
				LastSwiftUpdateCheck = 0700;
				LastUpgradeCheck = 0800;
				ORGANIZATIONNAME = "Venj Chu";
				TargetAttributes = {
					25142A921991F36200CB4C93 = {
						CreatedOnToolsVersion = 6.0;
						DevelopmentTeam = 32Y52676KN;
						LastSwiftMigration = 0800;
					};
				};
			};
			buildConfigurationList = 25142A8E1991F36200CB4C93 /* Build configuration list for PBXProject "Swift Photos" */;
			compatibilityVersion = "Xcode 3.2";
			developmentRegion = English;
			hasScannedForEncodings = 0;
			knownRegions = (
				en,
				Base,
				"zh-Hans",
			);
			mainGroup = 25142A8A1991F36200CB4C93;
			productRefGroup = 25142A941991F36200CB4C93 /* Products */;
			projectDirPath = "";
			projectRoot = "";
			targets = (
				25142A921991F36200CB4C93 /* Swift Photos */,
			);
		};
/* End PBXProject section */

/* Begin PBXResourcesBuildPhase section */
		25142A911991F36200CB4C93 /* Resources */ = {
			isa = PBXResourcesBuildPhase;
			buildActionMask = 2147483647;
			files = (
				250416431BCA279E001D7A32 /* Launch Screen.storyboard in Resources */,
				25142AA01991F36300CB4C93 /* Main.storyboard in Resources */,
				258A1F72199270330080BB60 /* InfoPlist.strings in Resources */,
				2504163E1BCA1AE8001D7A32 /* PasscodeLockView.xib in Resources */,
				258A1F6D199270320080BB60 /* Localizable.strings in Resources */,
				251B99E41999B13B00F8A67A /* InAppSettings.bundle in Resources */,
				25142AA21991F36300CB4C93 /* Images.xcassets in Resources */,
				259F3A191BC7AD6D00A519CE /* PasscodeLock.strings in Resources */,
			);
			runOnlyForDeploymentPostprocessing = 0;
		};
/* End PBXResourcesBuildPhase section */

/* Begin PBXShellScriptBuildPhase section */
		4F13964495666989BCEDC3C3 /* [CP] Copy Pods Resources */ = {
			isa = PBXShellScriptBuildPhase;
			buildActionMask = 2147483647;
			files = (
			);
			inputPaths = (
			);
			name = "[CP] Copy Pods Resources";
			outputPaths = (
			);
			runOnlyForDeploymentPostprocessing = 0;
			shellPath = /bin/sh;
			shellScript = "\"${SRCROOT}/Pods/Target Support Files/Pods-Swift Photos/Pods-Swift Photos-resources.sh\"\n";
			showEnvVarsInLog = 0;
		};
		BDE975CF64EFBE6C29F294B7 /* [CP] Check Pods Manifest.lock */ = {
			isa = PBXShellScriptBuildPhase;
			buildActionMask = 2147483647;
			files = (
			);
			inputPaths = (
			);
			name = "[CP] Check Pods Manifest.lock";
			outputPaths = (
			);
			runOnlyForDeploymentPostprocessing = 0;
			shellPath = /bin/sh;
			shellScript = "diff \"${PODS_ROOT}/../Podfile.lock\" \"${PODS_ROOT}/Manifest.lock\" > /dev/null\nif [ $? != 0 ] ; then\n    # print error to STDERR\n    echo \"error: The sandbox is not in sync with the Podfile.lock. Run 'pod install' or update your CocoaPods installation.\" >&2\n    exit 1\nfi\n";
			showEnvVarsInLog = 0;
		};
		F380CBED8E47AA7DC5ED301D /* [CP] Embed Pods Frameworks */ = {
			isa = PBXShellScriptBuildPhase;
			buildActionMask = 2147483647;
			files = (
			);
			inputPaths = (
			);
			name = "[CP] Embed Pods Frameworks";
			outputPaths = (
			);
			runOnlyForDeploymentPostprocessing = 0;
			shellPath = /bin/sh;
			shellScript = "\"${SRCROOT}/Pods/Target Support Files/Pods-Swift Photos/Pods-Swift Photos-frameworks.sh\"\n";
			showEnvVarsInLog = 0;
		};
/* End PBXShellScriptBuildPhase section */

/* Begin PBXSourcesBuildPhase section */
		25142A8F1991F36200CB4C93 /* Sources */ = {
			isa = PBXSourcesBuildPhase;
			buildActionMask = 2147483647;
			files = (
				254742411BCDFBD2001A6E47 /* FlatColors.swift in Sources */,
				254486BC1A40151E00F25634 /* SearchResultController.swift in Sources */,
				253BF0EB1994A232007B3702 /* Helpers.swift in Sources */,
				25142A9B1991F36300CB4C93 /* MasterViewController.swift in Sources */,
				254EE8CC1BC61854003427CC /* PasscodeLockConfiguration.swift in Sources */,
				2539A3A51AA1A514004A5619 /* CLLinksTableViewTableViewController.swift in Sources */,
				254EE8CB1BC61854003427CC /* UserDefaultsPasscodeRepository.swift in Sources */,
				25142A991991F36300CB4C93 /* AppDelegate.swift in Sources */,
				25142ABC199203DC00CB4C93 /* Common.swift in Sources */,
				2552D23D1BF17E78008775D7 /* String+Sugar.swift in Sources */,
				256EC98F1B4558F100F20F63 /* ProgressTableViewCell.swift in Sources */,
				25142AB81991F4FD00CB4C93 /* Post.swift in Sources */,
			);
			runOnlyForDeploymentPostprocessing = 0;
		};
/* End PBXSourcesBuildPhase section */

/* Begin PBXVariantGroup section */
		250416401BCA1AE8001D7A32 /* PasscodeLockView.xib */ = {
			isa = PBXVariantGroup;
			children = (
				2504163F1BCA1AE8001D7A32 /* Base */,
				250416421BCA1AEB001D7A32 /* zh-Hans */,
			);
			name = PasscodeLockView.xib;
			sourceTree = "<group>";
		};
		250416451BCA279E001D7A32 /* Launch Screen.storyboard */ = {
			isa = PBXVariantGroup;
			children = (
				250416441BCA279E001D7A32 /* Base */,
			);
			name = "Launch Screen.storyboard";
			sourceTree = "<group>";
		};
		25142A9E1991F36300CB4C93 /* Main.storyboard */ = {
			isa = PBXVariantGroup;
			children = (
				25142A9F1991F36300CB4C93 /* Base */,
				25A22615199CE458008ACB70 /* zh-Hans */,
			);
			name = Main.storyboard;
			sourceTree = "<group>";
		};
		258A1F6F199270320080BB60 /* Localizable.strings */ = {
			isa = PBXVariantGroup;
			children = (
				258A1F6E199270320080BB60 /* zh-Hans */,
				258A1F7A199272A00080BB60 /* Base */,
			);
			name = Localizable.strings;
			sourceTree = "<group>";
		};
		258A1F74199270330080BB60 /* InfoPlist.strings */ = {
			isa = PBXVariantGroup;
			children = (
				258A1F73199270330080BB60 /* zh-Hans */,
				258A1F7C199272D50080BB60 /* Base */,
			);
			name = InfoPlist.strings;
			sourceTree = "<group>";
		};
		259F3A1B1BC7AD6D00A519CE /* PasscodeLock.strings */ = {
			isa = PBXVariantGroup;
			children = (
				259F3A1A1BC7AD6D00A519CE /* Base */,
				259F3A1D1BC7AD7300A519CE /* zh-Hans */,
			);
			name = PasscodeLock.strings;
			sourceTree = "<group>";
		};
/* End PBXVariantGroup section */

/* Begin XCBuildConfiguration section */
		25142AAF1991F36300CB4C93 /* Debug */ = {
			isa = XCBuildConfiguration;
			buildSettings = {
				ALWAYS_SEARCH_USER_PATHS = NO;
				CLANG_ANALYZER_LOCALIZABILITY_NONLOCALIZED = YES;
				CLANG_CXX_LANGUAGE_STANDARD = "gnu++0x";
				CLANG_CXX_LIBRARY = "libc++";
				CLANG_ENABLE_MODULES = YES;
				CLANG_ENABLE_OBJC_ARC = YES;
				CLANG_WARN_BOOL_CONVERSION = YES;
				CLANG_WARN_CONSTANT_CONVERSION = YES;
				CLANG_WARN_DIRECT_OBJC_ISA_USAGE = YES_ERROR;
				CLANG_WARN_EMPTY_BODY = YES;
				CLANG_WARN_ENUM_CONVERSION = YES;
				CLANG_WARN_INFINITE_RECURSION = YES;
				CLANG_WARN_INT_CONVERSION = YES;
				CLANG_WARN_OBJC_ROOT_CLASS = YES_ERROR;
				CLANG_WARN_SUSPICIOUS_MOVE = YES;
				CLANG_WARN_UNREACHABLE_CODE = YES;
				CLANG_WARN__DUPLICATE_METHOD_MATCH = YES;
				"CODE_SIGN_IDENTITY[sdk=iphoneos*]" = "iPhone Developer";
				COPY_PHASE_STRIP = NO;
				ENABLE_STRICT_OBJC_MSGSEND = YES;
				ENABLE_TESTABILITY = YES;
				GCC_C_LANGUAGE_STANDARD = gnu99;
				GCC_DYNAMIC_NO_PIC = NO;
				GCC_NO_COMMON_BLOCKS = YES;
				GCC_OPTIMIZATION_LEVEL = 0;
				GCC_PREPROCESSOR_DEFINITIONS = (
					"DEBUG=1",
					"$(inherited)",
				);
				GCC_SYMBOLS_PRIVATE_EXTERN = NO;
				GCC_WARN_64_TO_32_BIT_CONVERSION = YES;
				GCC_WARN_ABOUT_RETURN_TYPE = YES_ERROR;
				GCC_WARN_UNDECLARED_SELECTOR = YES;
				GCC_WARN_UNINITIALIZED_AUTOS = YES_AGGRESSIVE;
				GCC_WARN_UNUSED_FUNCTION = YES;
				GCC_WARN_UNUSED_VARIABLE = YES;
				IPHONEOS_DEPLOYMENT_TARGET = 9.0;
				MTL_ENABLE_DEBUG_INFO = YES;
				ONLY_ACTIVE_ARCH = YES;
				SDKROOT = iphoneos;
				SWIFT_OPTIMIZATION_LEVEL = "-Onone";
			};
			name = Debug;
		};
		25142AB01991F36300CB4C93 /* Release */ = {
			isa = XCBuildConfiguration;
			buildSettings = {
				ALWAYS_SEARCH_USER_PATHS = NO;
				CLANG_ANALYZER_LOCALIZABILITY_NONLOCALIZED = YES;
				CLANG_CXX_LANGUAGE_STANDARD = "gnu++0x";
				CLANG_CXX_LIBRARY = "libc++";
				CLANG_ENABLE_MODULES = YES;
				CLANG_ENABLE_OBJC_ARC = YES;
				CLANG_WARN_BOOL_CONVERSION = YES;
				CLANG_WARN_CONSTANT_CONVERSION = YES;
				CLANG_WARN_DIRECT_OBJC_ISA_USAGE = YES_ERROR;
				CLANG_WARN_EMPTY_BODY = YES;
				CLANG_WARN_ENUM_CONVERSION = YES;
				CLANG_WARN_INFINITE_RECURSION = YES;
				CLANG_WARN_INT_CONVERSION = YES;
				CLANG_WARN_OBJC_ROOT_CLASS = YES_ERROR;
				CLANG_WARN_SUSPICIOUS_MOVE = YES;
				CLANG_WARN_UNREACHABLE_CODE = YES;
				CLANG_WARN__DUPLICATE_METHOD_MATCH = YES;
				"CODE_SIGN_IDENTITY[sdk=iphoneos*]" = "iPhone Developer";
				COPY_PHASE_STRIP = YES;
				ENABLE_NS_ASSERTIONS = NO;
				ENABLE_STRICT_OBJC_MSGSEND = YES;
				GCC_C_LANGUAGE_STANDARD = gnu99;
				GCC_NO_COMMON_BLOCKS = YES;
				GCC_WARN_64_TO_32_BIT_CONVERSION = YES;
				GCC_WARN_ABOUT_RETURN_TYPE = YES_ERROR;
				GCC_WARN_UNDECLARED_SELECTOR = YES;
				GCC_WARN_UNINITIALIZED_AUTOS = YES_AGGRESSIVE;
				GCC_WARN_UNUSED_FUNCTION = YES;
				GCC_WARN_UNUSED_VARIABLE = YES;
				IPHONEOS_DEPLOYMENT_TARGET = 9.0;
				MTL_ENABLE_DEBUG_INFO = NO;
				SDKROOT = iphoneos;
				SWIFT_OPTIMIZATION_LEVEL = "-Owholemodule";
				VALIDATE_PRODUCT = YES;
			};
			name = Release;
		};
		25142AB21991F36300CB4C93 /* Debug */ = {
			isa = XCBuildConfiguration;
			baseConfigurationReference = 0C81D95B416EE8969FD1E424 /* Pods-Swift Photos.debug.xcconfig */;
			buildSettings = {
				ALWAYS_EMBED_SWIFT_STANDARD_LIBRARIES = YES;
				ASSETCATALOG_COMPILER_APPICON_NAME = AppIcon;
				ASSETCATALOG_COMPILER_LAUNCHIMAGE_NAME = LaunchImage;
				CLANG_ENABLE_MODULES = YES;
				CODE_SIGN_IDENTITY = "iPhone Developer: WEN JIE ZHU (T2S97GVK69)";
				"CODE_SIGN_IDENTITY[sdk=iphoneos*]" = "iPhone Developer: WEN JIE ZHU (T2S97GVK69)";
				DEVELOPMENT_TEAM = 32Y52676KN;
				INFOPLIST_FILE = "Swift Photos/Info.plist";
				LD_RUNPATH_SEARCH_PATHS = "$(inherited) @executable_path/Frameworks";
				PRODUCT_BUNDLE_IDENTIFIER = "me.venj.$(PRODUCT_NAME:rfc1034identifier)";
				PRODUCT_NAME = "$(TARGET_NAME)";
				PROVISIONING_PROFILE = "df4eaa9a-8411-4218-b184-229428144661";
				PROVISIONING_PROFILE_SPECIFIER = "XC: me.venj.Swift-Photos";
				SWIFT_OBJC_BRIDGING_HEADER = "Swift Photos/Swift Photos-Bridging-Header.h";
				SWIFT_OPTIMIZATION_LEVEL = "-Onone";
				SWIFT_VERSION = 3.0;
				TARGETED_DEVICE_FAMILY = "1,2";
			};
			name = Debug;
		};
		25142AB31991F36300CB4C93 /* Release */ = {
			isa = XCBuildConfiguration;
			baseConfigurationReference = 082DD67B1C8D5F2453E2D65C /* Pods-Swift Photos.release.xcconfig */;
			buildSettings = {
				ALWAYS_EMBED_SWIFT_STANDARD_LIBRARIES = YES;
				ASSETCATALOG_COMPILER_APPICON_NAME = AppIcon;
				ASSETCATALOG_COMPILER_LAUNCHIMAGE_NAME = LaunchImage;
				CLANG_ENABLE_MODULES = YES;
				CODE_SIGN_IDENTITY = "iPhone Distribution: WEN JIE ZHU (32Y52676KN)";
				"CODE_SIGN_IDENTITY[sdk=iphoneos*]" = "iPhone Distribution: WEN JIE ZHU (32Y52676KN)";
				INFOPLIST_FILE = "Swift Photos/Info.plist";
				LD_RUNPATH_SEARCH_PATHS = "$(inherited) @executable_path/Frameworks";
				PRODUCT_BUNDLE_IDENTIFIER = "me.venj.$(PRODUCT_NAME:rfc1034identifier)";
				PRODUCT_NAME = "$(TARGET_NAME)";
				PROVISIONING_PROFILE = "344c385e-dd65-4c3d-95f2-d764f07969aa";
				SWIFT_OBJC_BRIDGING_HEADER = "Swift Photos/Swift Photos-Bridging-Header.h";
				SWIFT_VERSION = 3.0;
				TARGETED_DEVICE_FAMILY = "1,2";
			};
			name = Release;
		};
/* End XCBuildConfiguration section */

/* Begin XCConfigurationList section */
		25142A8E1991F36200CB4C93 /* Build configuration list for PBXProject "Swift Photos" */ = {
			isa = XCConfigurationList;
			buildConfigurations = (
				25142AAF1991F36300CB4C93 /* Debug */,
				25142AB01991F36300CB4C93 /* Release */,
			);
			defaultConfigurationIsVisible = 0;
			defaultConfigurationName = Release;
		};
		25142AB11991F36300CB4C93 /* Build configuration list for PBXNativeTarget "Swift Photos" */ = {
			isa = XCConfigurationList;
			buildConfigurations = (
				25142AB21991F36300CB4C93 /* Debug */,
				25142AB31991F36300CB4C93 /* Release */,
			);
			defaultConfigurationIsVisible = 0;
			defaultConfigurationName = Release;
		};
/* End XCConfigurationList section */
	};
	rootObject = 25142A8B1991F36200CB4C93 /* Project object */;
}
